
Microsoft Visual Studio Solution File, Format Version 12.00
# Visual Studio Version 16
VisualStudioVersion = 16.0.31402.337
MinimumVisualStudioVersion = 10.0.40219.1
Project("{FAE04EC0-301F-11D3-BF4B-00C04F79EFBC}") = "PaymentAPI", "PaymentAPI\PaymentAPI.csproj", "{C22C6555-15F3-4F6D-8674-2F75B3D4360D}"
EndProject
Global
	GlobalSection(SolutionConfigurationPlatforms) = preSolution
		Debug|Any CPU = Debug|Any CPU
		Release|Any CPU = Release|Any CPU
	EndGlobalSection
	GlobalSection(ProjectConfigurationPlatforms) = postSolution
		{C22C6555-15F3-4F6D-8674-2F75B3D4360D}.Debug|Any CPU.ActiveCfg = Debug|Any CPU
		{C22C6555-15F3-4F6D-8674-2F75B3D4360D}.Debug|Any CPU.Build.0 = Debug|Any CPU
		{C22C6555-15F3-4F6D-8674-2F75B3D4360D}.Release|Any CPU.ActiveCfg = Release|Any CPU
		{C22C6555-15F3-4F6D-8674-2F75B3D4360D}.Release|Any CPU.Build.0 = Release|Any CPU
	EndGlobalSection
	GlobalSection(SolutionProperties) = preSolution
		HideSolutionNode = FALSE
	EndGlobalSection
	GlobalSection(ExtensibilityGlobals) = postSolution
		SolutionGuid = {13415047-A9A3-4AF1-9C41-635961D6FDA2}
	EndGlobalSection
EndGlobal
